// !$*UTF8*$!
{
	archiveVersion = 1;
	classes = {
	};
	objectVersion = 56;
	objects = {

/* Begin PBXBuildFile section */
		71EB95F32CC4F413003D7EF0 /* AppDelegate.swift in Sources */ = {isa = PBXBuildFile; fileRef = 71EB95F22CC4F413003D7EF0 /* AppDelegate.swift */; };
		71EB95F52CC4F413003D7EF0 /* SceneDelegate.swift in Sources */ = {isa = PBXBuildFile; fileRef = 71EB95F42CC4F413003D7EF0 /* SceneDelegate.swift */; };
		71EB95F72CC4F413003D7EF0 /* ViewController.swift in Sources */ = {isa = PBXBuildFile; fileRef = 71EB95F62CC4F413003D7EF0 /* ViewController.swift */; };
		71EB95FA2CC4F413003D7EF0 /* Base in Resources */ = {isa = PBXBuildFile; fileRef = 71EB95F92CC4F413003D7EF0 /* Base */; };
		71EB95FD2CC4F413003D7EF0 /* xylophone.xcdatamodeld in Sources */ = {isa = PBXBuildFile; fileRef = 71EB95FB2CC4F413003D7EF0 /* xylophone.xcdatamodeld */; };
		71EB95FF2CC4F414003D7EF0 /* Assets.xcassets in Resources */ = {isa = PBXBuildFile; fileRef = 71EB95FE2CC4F414003D7EF0 /* Assets.xcassets */; };
		71EB96022CC4F414003D7EF0 /* Base in Resources */ = {isa = PBXBuildFile; fileRef = 71EB96012CC4F414003D7EF0 /* Base */; };
		71EB960D2CC4F414003D7EF0 /* xylophoneTests.swift in Sources */ = {isa = PBXBuildFile; fileRef = 71EB960C2CC4F414003D7EF0 /* xylophoneTests.swift */; };
		71EB96172CC4F414003D7EF0 /* xylophoneUITests.swift in Sources */ = {isa = PBXBuildFile; fileRef = 71EB96162CC4F414003D7EF0 /* xylophoneUITests.swift */; };
		71EB96192CC4F414003D7EF0 /* xylophoneUITestsLaunchTests.swift in Sources */ = {isa = PBXBuildFile; fileRef = 71EB96182CC4F414003D7EF0 /* xylophoneUITestsLaunchTests.swift */; };
		71EB962D2CC4F638003D7EF0 /* B.wav in Resources */ = {isa = PBXBuildFile; fileRef = 71EB96262CC4F638003D7EF0 /* B.wav */; };
		71EB962E2CC4F638003D7EF0 /* F.wav in Resources */ = {isa = PBXBuildFile; fileRef = 71EB96272CC4F638003D7EF0 /* F.wav */; };
		71EB962F2CC4F638003D7EF0 /* G.wav in Resources */ = {isa = PBXBuildFile; fileRef = 71EB96282CC4F638003D7EF0 /* G.wav */; };
		71EB96302CC4F638003D7EF0 /* C.wav in Resources */ = {isa = PBXBuildFile; fileRef = 71EB96292CC4F638003D7EF0 /* C.wav */; };
		71EB96312CC4F638003D7EF0 /* E.wav in Resources */ = {isa = PBXBuildFile; fileRef = 71EB962A2CC4F638003D7EF0 /* E.wav */; };
		71EB96322CC4F638003D7EF0 /* D.wav in Resources */ = {isa = PBXBuildFile; fileRef = 71EB962B2CC4F638003D7EF0 /* D.wav */; };
		71EB96332CC4F638003D7EF0 /* A.wav in Resources */ = {isa = PBXBuildFile; fileRef = 71EB962C2CC4F638003D7EF0 /* A.wav */; };
/* End PBXBuildFile section */

/* Begin PBXContainerItemProxy section */
		71EB96092CC4F414003D7EF0 /* PBXContainerItemProxy */ = {
			isa = PBXContainerItemProxy;
			containerPortal = 71EB95E72CC4F413003D7EF0 /* Project object */;
			proxyType = 1;
			remoteGlobalIDString = 71EB95EE2CC4F413003D7EF0;
			remoteInfo = xylophone;
		};
		71EB96132CC4F414003D7EF0 /* PBXContainerItemProxy */ = {
			isa = PBXContainerItemProxy;
			containerPortal = 71EB95E72CC4F413003D7EF0 /* Project object */;
			proxyType = 1;
			remoteGlobalIDString = 71EB95EE2CC4F413003D7EF0;
			remoteInfo = xylophone;
		};
/* End PBXContainerItemProxy section */

/* Begin PBXFileReference section */
		71D06D362CC6752200E2CBA7 /* Simulator Screen Recording - iPhone 15 Pro - 2024-10-21 at 16.39.48.mp4 */ = {isa = PBXFileReference; lastKnownFileType = file; name = "Simulator Screen Recording - iPhone 15 Pro - 2024-10-21 at 16.39.48.mp4"; path = "../../../../Desktop/Simulator Screen Recording - iPhone 15 Pro - 2024-10-21 at 16.39.48.mp4"; sourceTree = "<group>"; };
		71EB95EF2CC4F413003D7EF0 /* xylophone.app */ = {isa = PBXFileReference; explicitFileType = wrapper.application; includeInIndex = 0; path = xylophone.app; sourceTree = BUILT_PRODUCTS_DIR; };
		71EB95F22CC4F413003D7EF0 /* AppDelegate.swift */ = {isa = PBXFileReference; lastKnownFileType = sourcecode.swift; path = AppDelegate.swift; sourceTree = "<group>"; };
		71EB95F42CC4F413003D7EF0 /* SceneDelegate.swift */ = {isa = PBXFileReference; lastKnownFileType = sourcecode.swift; path = SceneDelegate.swift; sourceTree = "<group>"; };
		71EB95F62CC4F413003D7EF0 /* ViewController.swift */ = {isa = PBXFileReference; lastKnownFileType = sourcecode.swift; path = ViewController.swift; sourceTree = "<group>"; };
		71EB95F92CC4F413003D7EF0 /* Base */ = {isa = PBXFileReference; lastKnownFileType = file.storyboard; name = Base; path = Base.lproj/Main.storyboard; sourceTree = "<group>"; };
		71EB95FC2CC4F413003D7EF0 /* xylophone.xcdatamodel */ = {isa = PBXFileReference; lastKnownFileType = wrapper.xcdatamodel; path = xylophone.xcdatamodel; sourceTree = "<group>"; };
		71EB95FE2CC4F414003D7EF0 /* Assets.xcassets */ = {isa = PBXFileReference; lastKnownFileType = folder.assetcatalog; path = Assets.xcassets; sourceTree = "<group>"; };
		71EB96012CC4F414003D7EF0 /* Base */ = {isa = PBXFileReference; lastKnownFileType = file.storyboard; name = Base; path = Base.lproj/LaunchScreen.storyboard; sourceTree = "<group>"; };
		71EB96032CC4F414003D7EF0 /* Info.plist */ = {isa = PBXFileReference; lastKnownFileType = text.plist.xml; path = Info.plist; sourceTree = "<group>"; };
		71EB96082CC4F414003D7EF0 /* xylophoneTests.xctest */ = {isa = PBXFileReference; explicitFileType = wrapper.cfbundle; includeInIndex = 0; path = xylophoneTests.xctest; sourceTree = BUILT_PRODUCTS_DIR; };
		71EB960C2CC4F414003D7EF0 /* xylophoneTests.swift */ = {isa = PBXFileReference; lastKnownFileType = sourcecode.swift; path = xylophoneTests.swift; sourceTree = "<group>"; };
		71EB96122CC4F414003D7EF0 /* xylophoneUITests.xctest */ = {isa = PBXFileReference; explicitFileType = wrapper.cfbundle; includeInIndex = 0; path = xylophoneUITests.xctest; sourceTree = BUILT_PRODUCTS_DIR; };
		71EB96162CC4F414003D7EF0 /* xylophoneUITests.swift */ = {isa = PBXFileReference; lastKnownFileType = sourcecode.swift; path = xylophoneUITests.swift; sourceTree = "<group>"; };
		71EB96182CC4F414003D7EF0 /* xylophoneUITestsLaunchTests.swift */ = {isa = PBXFileReference; lastKnownFileType = sourcecode.swift; path = xylophoneUITestsLaunchTests.swift; sourceTree = "<group>"; };
		71EB96262CC4F638003D7EF0 /* B.wav */ = {isa = PBXFileReference; lastKnownFileType = audio.wav; name = B.wav; path = ../../../../Downloads/Sounds/B.wav; sourceTree = "<group>"; };
		71EB96272CC4F638003D7EF0 /* F.wav */ = {isa = PBXFileReference; lastKnownFileType = audio.wav; name = F.wav; path = ../../../../Downloads/Sounds/F.wav; sourceTree = "<group>"; };
		71EB96282CC4F638003D7EF0 /* G.wav */ = {isa = PBXFileReference; lastKnownFileType = audio.wav; name = G.wav; path = ../../../../Downloads/Sounds/G.wav; sourceTree = "<group>"; };
		71EB96292CC4F638003D7EF0 /* C.wav */ = {isa = PBXFileReference; lastKnownFileType = audio.wav; name = C.wav; path = ../../../../Downloads/Sounds/C.wav; sourceTree = "<group>"; };
		71EB962A2CC4F638003D7EF0 /* E.wav */ = {isa = PBXFileReference; lastKnownFileType = audio.wav; name = E.wav; path = ../../../../Downloads/Sounds/E.wav; sourceTree = "<group>"; };
		71EB962B2CC4F638003D7EF0 /* D.wav */ = {isa = PBXFileReference; lastKnownFileType = audio.wav; name = D.wav; path = ../../../../Downloads/Sounds/D.wav; sourceTree = "<group>"; };
		71EB962C2CC4F638003D7EF0 /* A.wav */ = {isa = PBXFileReference; lastKnownFileType = audio.wav; name = A.wav; path = ../../../../Downloads/Sounds/A.wav; sourceTree = "<group>"; };
/* End PBXFileReference section */

/* Begin PBXFrameworksBuildPhase section */
		71EB95EC2CC4F413003D7EF0 /* Frameworks */ = {
			isa = PBXFrameworksBuildPhase;
			buildActionMask = 2147483647;
			files = (
			);
			runOnlyForDeploymentPostprocessing = 0;
		};
		71EB96052CC4F414003D7EF0 /* Frameworks */ = {
			isa = PBXFrameworksBuildPhase;
			buildActionMask = 2147483647;
			files = (
			);
			runOnlyForDeploymentPostprocessing = 0;
		};
		71EB960F2CC4F414003D7EF0 /* Frameworks */ = {
			isa = PBXFrameworksBuildPhase;
			buildActionMask = 2147483647;
			files = (
			);
			runOnlyForDeploymentPostprocessing = 0;
		};
/* End PBXFrameworksBuildPhase section */

/* Begin PBXGroup section */
		71EB95E62CC4F413003D7EF0 = {
			isa = PBXGroup;
			children = (
				71EB95F12CC4F413003D7EF0 /* xylophone */,
				71EB960B2CC4F414003D7EF0 /* xylophoneTests */,
				71EB96152CC4F414003D7EF0 /* xylophoneUITests */,
				71EB95F02CC4F413003D7EF0 /* Products */,
			);
			sourceTree = "<group>";
		};
		71EB95F02CC4F413003D7EF0 /* Products */ = {
			isa = PBXGroup;
			children = (
				71EB95EF2CC4F413003D7EF0 /* xylophone.app */,
				71EB96082CC4F414003D7EF0 /* xylophoneTests.xctest */,
				71EB96122CC4F414003D7EF0 /* xylophoneUITests.xctest */,
			);
			name = Products;
			sourceTree = "<group>";
		};
		71EB95F12CC4F413003D7EF0 /* xylophone */ = {
			isa = PBXGroup;
			children = (
				71EB96252CC4F5E2003D7EF0 /* Sounds */,
				71EB95F22CC4F413003D7EF0 /* AppDelegate.swift */,
				71EB95F42CC4F413003D7EF0 /* SceneDelegate.swift */,
				71EB95F62CC4F413003D7EF0 /* ViewController.swift */,
				71EB95F82CC4F413003D7EF0 /* Main.storyboard */,
				71EB95FE2CC4F414003D7EF0 /* Assets.xcassets */,
				71EB96002CC4F414003D7EF0 /* LaunchScreen.storyboard */,
				71EB96032CC4F414003D7EF0 /* Info.plist */,
				71EB95FB2CC4F413003D7EF0 /* xylophone.xcdatamodeld */,
			);
			path = xylophone;
			sourceTree = "<group>";
		};
		71EB960B2CC4F414003D7EF0 /* xylophoneTests */ = {
			isa = PBXGroup;
			children = (
				71EB960C2CC4F414003D7EF0 /* xylophoneTests.swift */,
			);
			path = xylophoneTests;
			sourceTree = "<group>";
		};
		71EB96152CC4F414003D7EF0 /* xylophoneUITests */ = {
			isa = PBXGroup;
			children = (
				71EB96162CC4F414003D7EF0 /* xylophoneUITests.swift */,
				71EB96182CC4F414003D7EF0 /* xylophoneUITestsLaunchTests.swift */,
			);
			path = xylophoneUITests;
			sourceTree = "<group>";
		};
		71EB96252CC4F5E2003D7EF0 /* Sounds */ = {
			isa = PBXGroup;
			children = (
				71D06D362CC6752200E2CBA7 /* Simulator Screen Recording - iPhone 15 Pro - 2024-10-21 at 16.39.48.mp4 */,
				71EB962C2CC4F638003D7EF0 /* A.wav */,
				71EB96262CC4F638003D7EF0 /* B.wav */,
				71EB96292CC4F638003D7EF0 /* C.wav */,
				71EB962B2CC4F638003D7EF0 /* D.wav */,
				71EB962A2CC4F638003D7EF0 /* E.wav */,
				71EB96272CC4F638003D7EF0 /* F.wav */,
				71EB96282CC4F638003D7EF0 /* G.wav */,
			);
			name = Sounds;
			path = ../Sounds;
			sourceTree = "<group>";
		};
/* End PBXGroup section */

/* Begin PBXNativeTarget section */
		71EB95EE2CC4F413003D7EF0 /* xylophone */ = {
			isa = PBXNativeTarget;
			buildConfigurationList = 71EB961C2CC4F414003D7EF0 /* Build configuration list for PBXNativeTarget "xylophone" */;
			buildPhases = (
				71EB95EB2CC4F413003D7EF0 /* Sources */,
				71EB95EC2CC4F413003D7EF0 /* Frameworks */,
				71EB95ED2CC4F413003D7EF0 /* Resources */,
			);
			buildRules = (
			);
			dependencies = (
			);
			name = xylophone;
			productName = xylophone;
			productReference = 71EB95EF2CC4F413003D7EF0 /* xylophone.app */;
			productType = "com.apple.product-type.application";
		};
		71EB96072CC4F414003D7EF0 /* xylophoneTests */ = {
			isa = PBXNativeTarget;
			buildConfigurationList = 71EB961F2CC4F414003D7EF0 /* Build configuration list for PBXNativeTarget "xylophoneTests" */;
			buildPhases = (
				71EB96042CC4F414003D7EF0 /* Sources */,
				71EB96052CC4F414003D7EF0 /* Frameworks */,
				71EB96062CC4F414003D7EF0 /* Resources */,
			);
			buildRules = (
			);
			dependencies = (
				71EB960A2CC4F414003D7EF0 /* PBXTargetDependency */,
			);
			name = xylophoneTests;
			productName = xylophoneTests;
			productReference = 71EB96082CC4F414003D7EF0 /* xylophoneTests.xctest */;
			productType = "com.apple.product-type.bundle.unit-test";
		};
		71EB96112CC4F414003D7EF0 /* xylophoneUITests */ = {
			isa = PBXNativeTarget;
			buildConfigurationList = 71EB96222CC4F414003D7EF0 /* Build configuration list for PBXNativeTarget "xylophoneUITests" */;
			buildPhases = (
				71EB960E2CC4F414003D7EF0 /* Sources */,
				71EB960F2CC4F414003D7EF0 /* Frameworks */,
				71EB96102CC4F414003D7EF0 /* Resources */,
			);
			buildRules = (
			);
			dependencies = (
				71EB96142CC4F414003D7EF0 /* PBXTargetDependency */,
			);
			name = xylophoneUITests;
			productName = xylophoneUITests;
			productReference = 71EB96122CC4F414003D7EF0 /* xylophoneUITests.xctest */;
			productType = "com.apple.product-type.bundle.ui-testing";
		};
/* End PBXNativeTarget section */

/* Begin PBXProject section */
		71EB95E72CC4F413003D7EF0 /* Project object */ = {
			isa = PBXProject;
			attributes = {
				BuildIndependentTargetsInParallel = 1;
				LastSwiftUpdateCheck = 1540;
				LastUpgradeCheck = 1540;
				TargetAttributes = {
					71EB95EE2CC4F413003D7EF0 = {
						CreatedOnToolsVersion = 15.4;
					};
					71EB96072CC4F414003D7EF0 = {
						CreatedOnToolsVersion = 15.4;
						TestTargetID = 71EB95EE2CC4F413003D7EF0;
					};
					71EB96112CC4F414003D7EF0 = {
						CreatedOnToolsVersion = 15.4;
						TestTargetID = 71EB95EE2CC4F413003D7EF0;
					};
				};
			};
			buildConfigurationList = 71EB95EA2CC4F413003D7EF0 /* Build configuration list for PBXProject "xylophone" */;
			compatibilityVersion = "Xcode 14.0";
			developmentRegion = en;
			hasScannedForEncodings = 0;
			knownRegions = (
				en,
				Base,
			);
			mainGroup = 71EB95E62CC4F413003D7EF0;
			productRefGroup = 71EB95F02CC4F413003D7EF0 /* Products */;
			projectDirPath = "";
			projectRoot = "";
			targets = (
				71EB95EE2CC4F413003D7EF0 /* xylophone */,
				71EB96072CC4F414003D7EF0 /* xylophoneTests */,
				71EB96112CC4F414003D7EF0 /* xylophoneUITests */,
			);
		};
/* End PBXProject section */

/* Begin PBXResourcesBuildPhase section */
		71EB95ED2CC4F413003D7EF0 /* Resources */ = {
			isa = PBXResourcesBuildPhase;
			buildActionMask = 2147483647;
			files = (
				71EB96322CC4F638003D7EF0 /* D.wav in Resources */,
				71EB962F2CC4F638003D7EF0 /* G.wav in Resources */,
				71EB95FF2CC4F414003D7EF0 /* Assets.xcassets in Resources */,
				71EB96022CC4F414003D7EF0 /* Base in Resources */,
				71EB95FA2CC4F413003D7EF0 /* Base in Resources */,
				71EB962E2CC4F638003D7EF0 /* F.wav in Resources */,
				71EB962D2CC4F638003D7EF0 /* B.wav in Resources */,
				71EB96312CC4F638003D7EF0 /* E.wav in Resources */,
				71EB96332CC4F638003D7EF0 /* A.wav in Resources */,
				71EB96302CC4F638003D7EF0 /* C.wav in Resources */,
			);
			runOnlyForDeploymentPostprocessing = 0;
		};
		71EB96062CC4F414003D7EF0 /* Resources */ = {
			isa = PBXResourcesBuildPhase;
			buildActionMask = 2147483647;
			files = (
			);
			runOnlyForDeploymentPostprocessing = 0;
		};
		71EB96102CC4F414003D7EF0 /* Resources */ = {
			isa = PBXResourcesBuildPhase;
			buildActionMask = 2147483647;
			files = (
			);
			runOnlyForDeploymentPostprocessing = 0;
		};
/* End PBXResourcesBuildPhase section */

/* Begin PBXSourcesBuildPhase section */
		71EB95EB2CC4F413003D7EF0 /* Sources */ = {
			isa = PBXSourcesBuildPhase;
			buildActionMask = 2147483647;
			files = (
				71EB95FD2CC4F413003D7EF0 /* xylophone.xcdatamodeld in Sources */,
				71EB95F72CC4F413003D7EF0 /* ViewController.swift in Sources */,
				71EB95F32CC4F413003D7EF0 /* AppDelegate.swift in Sources */,
				71EB95F52CC4F413003D7EF0 /* SceneDelegate.swift in Sources */,
			);
			runOnlyForDeploymentPostprocessing = 0;
		};
		71EB96042CC4F414003D7EF0 /* Sources */ = {
			isa = PBXSourcesBuildPhase;
			buildActionMask = 2147483647;
			files = (
				71EB960D2CC4F414003D7EF0 /* xylophoneTests.swift in Sources */,
			);
			runOnlyForDeploymentPostprocessing = 0;
		};
		71EB960E2CC4F414003D7EF0 /* Sources */ = {
			isa = PBXSourcesBuildPhase;
			buildActionMask = 2147483647;
			files = (
				71EB96172CC4F414003D7EF0 /* xylophoneUITests.swift in Sources */,
				71EB96192CC4F414003D7EF0 /* xylophoneUITestsLaunchTests.swift in Sources */,
			);
			runOnlyForDeploymentPostprocessing = 0;
		};
/* End PBXSourcesBuildPhase section */

/* Begin PBXTargetDependency section */
		71EB960A2CC4F414003D7EF0 /* PBXTargetDependency */ = {
			isa = PBXTargetDependency;
			target = 71EB95EE2CC4F413003D7EF0 /* xylophone */;
			targetProxy = 71EB96092CC4F414003D7EF0 /* PBXContainerItemProxy */;
		};
		71EB96142CC4F414003D7EF0 /* PBXTargetDependency */ = {
			isa = PBXTargetDependency;
			target = 71EB95EE2CC4F413003D7EF0 /* xylophone */;
			targetProxy = 71EB96132CC4F414003D7EF0 /* PBXContainerItemProxy */;
		};
/* End PBXTargetDependency section */

/* Begin PBXVariantGroup section */
		71EB95F82CC4F413003D7EF0 /* Main.storyboard */ = {
			isa = PBXVariantGroup;
			children = (
				71EB95F92CC4F413003D7EF0 /* Base */,
			);
			name = Main.storyboard;
			sourceTree = "<group>";
		};
		71EB96002CC4F414003D7EF0 /* LaunchScreen.storyboard */ = {
			isa = PBXVariantGroup;
			children = (
				71EB96012CC4F414003D7EF0 /* Base */,
			);
			name = LaunchScreen.storyboard;
			sourceTree = "<group>";
		};
/* End PBXVariantGroup section */

/* Begin XCBuildConfiguration section */
		71EB961A2CC4F414003D7EF0 /* Debug */ = {
			isa = XCBuildConfiguration;
			buildSettings = {
				ALWAYS_SEARCH_USER_PATHS = NO;
				ASSETCATALOG_COMPILER_GENERATE_SWIFT_ASSET_SYMBOL_EXTENSIONS = YES;
				CLANG_ANALYZER_NONNULL = YES;
				CLANG_ANALYZER_NUMBER_OBJECT_CONVERSION = YES_AGGRESSIVE;
				CLANG_CXX_LANGUAGE_STANDARD = "gnu++20";
				CLANG_ENABLE_MODULES = YES;
				CLANG_ENABLE_OBJC_ARC = YES;
				CLANG_ENABLE_OBJC_WEAK = YES;
				CLANG_WARN_BLOCK_CAPTURE_AUTORELEASING = YES;
				CLANG_WARN_BOOL_CONVERSION = YES;
				CLANG_WARN_COMMA = YES;
				CLANG_WARN_CONSTANT_CONVERSION = YES;
				CLANG_WARN_DEPRECATED_OBJC_IMPLEMENTATIONS = YES;
				CLANG_WARN_DIRECT_OBJC_ISA_USAGE = YES_ERROR;
				CLANG_WARN_DOCUMENTATION_COMMENTS = YES;
				CLANG_WARN_EMPTY_BODY = YES;
				CLANG_WARN_ENUM_CONVERSION = YES;
				CLANG_WARN_INFINITE_RECURSION = YES;
				CLANG_WARN_INT_CONVERSION = YES;
				CLANG_WARN_NON_LITERAL_NULL_CONVERSION = YES;
				CLANG_WARN_OBJC_IMPLICIT_RETAIN_SELF = YES;
				CLANG_WARN_OBJC_LITERAL_CONVERSION = YES;
				CLANG_WARN_OBJC_ROOT_CLASS = YES_ERROR;
				CLANG_WARN_QUOTED_INCLUDE_IN_FRAMEWORK_HEADER = YES;
				CLANG_WARN_RANGE_LOOP_ANALYSIS = YES;
				CLANG_WARN_STRICT_PROTOTYPES = YES;
				CLANG_WARN_SUSPICIOUS_MOVE = YES;
				CLANG_WARN_UNGUARDED_AVAILABILITY = YES_AGGRESSIVE;
				CLANG_WARN_UNREACHABLE_CODE = YES;
				CLANG_WARN__DUPLICATE_METHOD_MATCH = YES;
				COPY_PHASE_STRIP = NO;
				DEBUG_INFORMATION_FORMAT = dwarf;
				ENABLE_STRICT_OBJC_MSGSEND = YES;
				ENABLE_TESTABILITY = YES;
				ENABLE_USER_SCRIPT_SANDBOXING = YES;
				GCC_C_LANGUAGE_STANDARD = gnu17;
				GCC_DYNAMIC_NO_PIC = NO;
				GCC_NO_COMMON_BLOCKS = YES;
				GCC_OPTIMIZATION_LEVEL = 0;
				GCC_PREPROCESSOR_DEFINITIONS = (
					"DEBUG=1",
					"$(inherited)",
				);
				GCC_WARN_64_TO_32_BIT_CONVERSION = YES;
				GCC_WARN_ABOUT_RETURN_TYPE = YES_ERROR;
				GCC_WARN_UNDECLARED_SELECTOR = YES;
				GCC_WARN_UNINITIALIZED_AUTOS = YES_AGGRESSIVE;
				GCC_WARN_UNUSED_FUNCTION = YES;
				GCC_WARN_UNUSED_VARIABLE = YES;
				IPHONEOS_DEPLOYMENT_TARGET = 17.5;
				LOCALIZATION_PREFERS_STRING_CATALOGS = YES;
				MTL_ENABLE_DEBUG_INFO = INCLUDE_SOURCE;
				MTL_FAST_MATH = YES;
				ONLY_ACTIVE_ARCH = YES;
				SDKROOT = iphoneos;
				SWIFT_ACTIVE_COMPILATION_CONDITIONS = "DEBUG $(inherited)";
				SWIFT_OPTIMIZATION_LEVEL = "-Onone";
			};
			name = Debug;
		};
		71EB961B2CC4F414003D7EF0 /* Release */ = {
			isa = XCBuildConfiguration;
			buildSettings = {
				ALWAYS_SEARCH_USER_PATHS = NO;
				ASSETCATALOG_COMPILER_GENERATE_SWIFT_ASSET_SYMBOL_EXTENSIONS = YES;
				CLANG_ANALYZER_NONNULL = YES;
				CLANG_ANALYZER_NUMBER_OBJECT_CONVERSION = YES_AGGRESSIVE;
				CLANG_CXX_LANGUAGE_STANDARD = "gnu++20";
				CLANG_ENABLE_MODULES = YES;
				CLANG_ENABLE_OBJC_ARC = YES;
				CLANG_ENABLE_OBJC_WEAK = YES;
				CLANG_WARN_BLOCK_CAPTURE_AUTORELEASING = YES;
				CLANG_WARN_BOOL_CONVERSION = YES;
				CLANG_WARN_COMMA = YES;
				CLANG_WARN_CONSTANT_CONVERSION = YES;
				CLANG_WARN_DEPRECATED_OBJC_IMPLEMENTATIONS = YES;
				CLANG_WARN_DIRECT_OBJC_ISA_USAGE = YES_ERROR;
				CLANG_WARN_DOCUMENTATION_COMMENTS = YES;
				CLANG_WARN_EMPTY_BODY = YES;
				CLANG_WARN_ENUM_CONVERSION = YES;
				CLANG_WARN_INFINITE_RECURSION = YES;
				CLANG_WARN_INT_CONVERSION = YES;
				CLANG_WARN_NON_LITERAL_NULL_CONVERSION = YES;
				CLANG_WARN_OBJC_IMPLICIT_RETAIN_SELF = YES;
				CLANG_WARN_OBJC_LITERAL_CONVERSION = YES;
				CLANG_WARN_OBJC_ROOT_CLASS = YES_ERROR;
				CLANG_WARN_QUOTED_INCLUDE_IN_FRAMEWORK_HEADER = YES;
				CLANG_WARN_RANGE_LOOP_ANALYSIS = YES;
				CLANG_WARN_STRICT_PROTOTYPES = YES;
				CLANG_WARN_SUSPICIOUS_MOVE = YES;
				CLANG_WARN_UNGUARDED_AVAILABILITY = YES_AGGRESSIVE;
				CLANG_WARN_UNREACHABLE_CODE = YES;
				CLANG_WARN__DUPLICATE_METHOD_MATCH = YES;
				COPY_PHASE_STRIP = NO;
				DEBUG_INFORMATION_FORMAT = "dwarf-with-dsym";
				ENABLE_NS_ASSERTIONS = NO;
				ENABLE_STRICT_OBJC_MSGSEND = YES;
				ENABLE_USER_SCRIPT_SANDBOXING = YES;
				GCC_C_LANGUAGE_STANDARD = gnu17;
				GCC_NO_COMMON_BLOCKS = YES;
				GCC_WARN_64_TO_32_BIT_CONVERSION = YES;
				GCC_WARN_ABOUT_RETURN_TYPE = YES_ERROR;
				GCC_WARN_UNDECLARED_SELECTOR = YES;
				GCC_WARN_UNINITIALIZED_AUTOS = YES_AGGRESSIVE;
				GCC_WARN_UNUSED_FUNCTION = YES;
				GCC_WARN_UNUSED_VARIABLE = YES;
				IPHONEOS_DEPLOYMENT_TARGET = 17.5;
				LOCALIZATION_PREFERS_STRING_CATALOGS = YES;
				MTL_ENABLE_DEBUG_INFO = NO;
				MTL_FAST_MATH = YES;
				SDKROOT = iphoneos;
				SWIFT_COMPILATION_MODE = wholemodule;
				VALIDATE_PRODUCT = YES;
			};
			name = Release;
		};
		71EB961D2CC4F414003D7EF0 /* Debug */ = {
			isa = XCBuildConfiguration;
			buildSettings = {
				ASSETCATALOG_COMPILER_APPICON_NAME = AppIcon;
				ASSETCATALOG_COMPILER_GLOBAL_ACCENT_COLOR_NAME = AccentColor;
				CODE_SIGN_STYLE = Automatic;
				CURRENT_PROJECT_VERSION = 1;
				GENERATE_INFOPLIST_FILE = YES;
				INFOPLIST_FILE = xylophone/Info.plist;
				INFOPLIST_KEY_UIApplicationSupportsIndirectInputEvents = YES;
				INFOPLIST_KEY_UILaunchStoryboardName = LaunchScreen;
				INFOPLIST_KEY_UIMainStoryboardFile = Main;
				INFOPLIST_KEY_UISupportedInterfaceOrientations_iPad = "UIInterfaceOrientationPortrait UIInterfaceOrientationPortraitUpsideDown UIInterfaceOrientationLandscapeLeft UIInterfaceOrientationLandscapeRight";
				INFOPLIST_KEY_UISupportedInterfaceOrientations_iPhone = "UIInterfaceOrientationPortrait UIInterfaceOrientationLandscapeLeft UIInterfaceOrientationLandscapeRight";
				LD_RUNPATH_SEARCH_PATHS = (
					"$(inherited)",
					"@executable_path/Frameworks",
				);
				MARKETING_VERSION = 1.0;
				PRODUCT_BUNDLE_IDENTIFIER = com.bakdaulet.xylophone;
				PRODUCT_NAME = "$(TARGET_NAME)";
				SWIFT_EMIT_LOC_STRINGS = YES;
				SWIFT_VERSION = 5.0;
				TARGETED_DEVICE_FAMILY = "1,2";
			};
			name = Debug;
		};
		71EB961E2CC4F414003D7EF0 /* Release */ = {
			isa = XCBuildConfiguration;
			buildSettings = {
				ASSETCATALOG_COMPILER_APPICON_NAME = AppIcon;
				ASSETCATALOG_COMPILER_GLOBAL_ACCENT_COLOR_NAME = AccentColor;
				CODE_SIGN_STYLE = Automatic;
				CURRENT_PROJECT_VERSION = 1;
				GENERATE_INFOPLIST_FILE = YES;
				INFOPLIST_FILE = xylophone/Info.plist;
				INFOPLIST_KEY_UIApplicationSupportsIndirectInputEvents = YES;
				INFOPLIST_KEY_UILaunchStoryboardName = LaunchScreen;
				INFOPLIST_KEY_UIMainStoryboardFile = Main;
				INFOPLIST_KEY_UISupportedInterfaceOrientations_iPad = "UIInterfaceOrientationPortrait UIInterfaceOrientationPortraitUpsideDown UIInterfaceOrientationLandscapeLeft UIInterfaceOrientationLandscapeRight";
				INFOPLIST_KEY_UISupportedInterfaceOrientations_iPhone = "UIInterfaceOrientationPortrait UIInterfaceOrientationLandscapeLeft UIInterfaceOrientationLandscapeRight";
				LD_RUNPATH_SEARCH_PATHS = (
					"$(inherited)",
					"@executable_path/Frameworks",
				);
				MARKETING_VERSION = 1.0;
				PRODUCT_BUNDLE_IDENTIFIER = com.bakdaulet.xylophone;
				PRODUCT_NAME = "$(TARGET_NAME)";
				SWIFT_EMIT_LOC_STRINGS = YES;
				SWIFT_VERSION = 5.0;
				TARGETED_DEVICE_FAMILY = "1,2";
			};
			name = Release;
		};
		71EB96202CC4F414003D7EF0 /* Debug */ = {
			isa = XCBuildConfiguration;
			buildSettings = {
				ALWAYS_EMBED_SWIFT_STANDARD_LIBRARIES = YES;
				BUNDLE_LOADER = "$(TEST_HOST)";
				CODE_SIGN_STYLE = Automatic;
				CURRENT_PROJECT_VERSION = 1;
				GENERATE_INFOPLIST_FILE = YES;
				IPHONEOS_DEPLOYMENT_TARGET = 17.5;
				MARKETING_VERSION = 1.0;
				PRODUCT_BUNDLE_IDENTIFIER = com.bakdaulet.xylophoneTests;
				PRODUCT_NAME = "$(TARGET_NAME)";
				SWIFT_EMIT_LOC_STRINGS = NO;
				SWIFT_VERSION = 5.0;
				TARGETED_DEVICE_FAMILY = "1,2";
				TEST_HOST = "$(BUILT_PRODUCTS_DIR)/xylophone.app/$(BUNDLE_EXECUTABLE_FOLDER_PATH)/xylophone";
			};
			name = Debug;
		};
		71EB96212CC4F414003D7EF0 /* Release */ = {
			isa = XCBuildConfiguration;
			buildSettings = {
				ALWAYS_EMBED_SWIFT_STANDARD_LIBRARIES = YES;
				BUNDLE_LOADER = "$(TEST_HOST)";
				CODE_SIGN_STYLE = Automatic;
				CURRENT_PROJECT_VERSION = 1;
				GENERATE_INFOPLIST_FILE = YES;
				IPHONEOS_DEPLOYMENT_TARGET = 17.5;
				MARKETING_VERSION = 1.0;
				PRODUCT_BUNDLE_IDENTIFIER = com.bakdaulet.xylophoneTests;
				PRODUCT_NAME = "$(TARGET_NAME)";
				SWIFT_EMIT_LOC_STRINGS = NO;
				SWIFT_VERSION = 5.0;
				TARGETED_DEVICE_FAMILY = "1,2";
				TEST_HOST = "$(BUILT_PRODUCTS_DIR)/xylophone.app/$(BUNDLE_EXECUTABLE_FOLDER_PATH)/xylophone";
			};
			name = Release;
		};
		71EB96232CC4F414003D7EF0 /* Debug */ = {
			isa = XCBuildConfiguration;
			buildSettings = {
				ALWAYS_EMBED_SWIFT_STANDARD_LIBRARIES = YES;
				CODE_SIGN_STYLE = Automatic;
				CURRENT_PROJECT_VERSION = 1;
				GENERATE_INFOPLIST_FILE = YES;
				MARKETING_VERSION = 1.0;
				PRODUCT_BUNDLE_IDENTIFIER = com.bakdaulet.xylophoneUITests;
				PRODUCT_NAME = "$(TARGET_NAME)";
				SWIFT_EMIT_LOC_STRINGS = NO;
				SWIFT_VERSION = 5.0;
				TARGETED_DEVICE_FAMILY = "1,2";
				TEST_TARGET_NAME = xylophone;
			};
			name = Debug;
		};
		71EB96242CC4F414003D7EF0 /* Release */ = {
			isa = XCBuildConfiguration;
			buildSettings = {
				ALWAYS_EMBED_SWIFT_STANDARD_LIBRARIES = YES;
				CODE_SIGN_STYLE = Automatic;
				CURRENT_PROJECT_VERSION = 1;
				GENERATE_INFOPLIST_FILE = YES;
				MARKETING_VERSION = 1.0;
				PRODUCT_BUNDLE_IDENTIFIER = com.bakdaulet.xylophoneUITests;
				PRODUCT_NAME = "$(TARGET_NAME)";
				SWIFT_EMIT_LOC_STRINGS = NO;
				SWIFT_VERSION = 5.0;
				TARGETED_DEVICE_FAMILY = "1,2";
				TEST_TARGET_NAME = xylophone;
			};
			name = Release;
		};
/* End XCBuildConfiguration section */

/* Begin XCConfigurationList section */
		71EB95EA2CC4F413003D7EF0 /* Build configuration list for PBXProject "xylophone" */ = {
			isa = XCConfigurationList;
			buildConfigurations = (
				71EB961A2CC4F414003D7EF0 /* Debug */,
				71EB961B2CC4F414003D7EF0 /* Release */,
			);
			defaultConfigurationIsVisible = 0;
			defaultConfigurationName = Release;
		};
		71EB961C2CC4F414003D7EF0 /* Build configuration list for PBXNativeTarget "xylophone" */ = {
			isa = XCConfigurationList;
			buildConfigurations = (
				71EB961D2CC4F414003D7EF0 /* Debug */,
				71EB961E2CC4F414003D7EF0 /* Release */,
			);
			defaultConfigurationIsVisible = 0;
			defaultConfigurationName = Release;
		};
		71EB961F2CC4F414003D7EF0 /* Build configuration list for PBXNativeTarget "xylophoneTests" */ = {
			isa = XCConfigurationList;
			buildConfigurations = (
				71EB96202CC4F414003D7EF0 /* Debug */,
				71EB96212CC4F414003D7EF0 /* Release */,
			);
			defaultConfigurationIsVisible = 0;
			defaultConfigurationName = Release;
		};
		71EB96222CC4F414003D7EF0 /* Build configuration list for PBXNativeTarget "xylophoneUITests" */ = {
			isa = XCConfigurationList;
			buildConfigurations = (
				71EB96232CC4F414003D7EF0 /* Debug */,
				71EB96242CC4F414003D7EF0 /* Release */,
			);
			defaultConfigurationIsVisible = 0;
			defaultConfigurationName = Release;
		};
/* End XCConfigurationList section */

/* Begin XCVersionGroup section */
		71EB95FB2CC4F413003D7EF0 /* xylophone.xcdatamodeld */ = {
			isa = XCVersionGroup;
			children = (
				71EB95FC2CC4F413003D7EF0 /* xylophone.xcdatamodel */,
			);
			currentVersion = 71EB95FC2CC4F413003D7EF0 /* xylophone.xcdatamodel */;
			path = xylophone.xcdatamodeld;
			sourceTree = "<group>";
			versionGroupType = wrapper.xcdatamodel;
		};
/* End XCVersionGroup section */
	};
	rootObject = 71EB95E72CC4F413003D7EF0 /* Project object */;
}
