// !$*UTF8*$!
{
	archiveVersion = 1;
	classes = {
	};
	objectVersion = 56;
	objects = {

/* Begin PBXBuildFile section */
		71C4184E2CC68448009F3D40 /* AppDelegate.swift in Sources */ = {isa = PBXBuildFile; fileRef = 71C4184D2CC68448009F3D40 /* AppDelegate.swift */; };
		71C418502CC68448009F3D40 /* SceneDelegate.swift in Sources */ = {isa = PBXBuildFile; fileRef = 71C4184F2CC68448009F3D40 /* SceneDelegate.swift */; };
		71C418522CC68448009F3D40 /* ViewController.swift in Sources */ = {isa = PBXBuildFile; fileRef = 71C418512CC68448009F3D40 /* ViewController.swift */; };
		71C418552CC68448009F3D40 /* Base in Resources */ = {isa = PBXBuildFile; fileRef = 71C418542CC68448009F3D40 /* Base */; };
		71C418582CC68448009F3D40 /* EggTimer.xcdatamodeld in Sources */ = {isa = PBXBuildFile; fileRef = 71C418562CC68448009F3D40 /* EggTimer.xcdatamodeld */; };
		71C4185A2CC68449009F3D40 /* Assets.xcassets in Resources */ = {isa = PBXBuildFile; fileRef = 71C418592CC68449009F3D40 /* Assets.xcassets */; };
		71C4185D2CC68449009F3D40 /* Base in Resources */ = {isa = PBXBuildFile; fileRef = 71C4185C2CC68449009F3D40 /* Base */; };
		71C418682CC68449009F3D40 /* EggTimerTests.swift in Sources */ = {isa = PBXBuildFile; fileRef = 71C418672CC68449009F3D40 /* EggTimerTests.swift */; };
		71C418722CC68449009F3D40 /* EggTimerUITests.swift in Sources */ = {isa = PBXBuildFile; fileRef = 71C418712CC68449009F3D40 /* EggTimerUITests.swift */; };
		71C418742CC68449009F3D40 /* EggTimerUITestsLaunchTests.swift in Sources */ = {isa = PBXBuildFile; fileRef = 71C418732CC68449009F3D40 /* EggTimerUITestsLaunchTests.swift */; };
		71C418812CC69CC2009F3D40 /* alarm_sound.mp3 in Resources */ = {isa = PBXBuildFile; fileRef = 71C418802CC69CC1009F3D40 /* alarm_sound.mp3 */; };
/* End PBXBuildFile section */

/* Begin PBXContainerItemProxy section */
		71C418642CC68449009F3D40 /* PBXContainerItemProxy */ = {
			isa = PBXContainerItemProxy;
			containerPortal = 71C418422CC68448009F3D40 /* Project object */;
			proxyType = 1;
			remoteGlobalIDString = 71C418492CC68448009F3D40;
			remoteInfo = EggTimer;
		};
		71C4186E2CC68449009F3D40 /* PBXContainerItemProxy */ = {
			isa = PBXContainerItemProxy;
			containerPortal = 71C418422CC68448009F3D40 /* Project object */;
			proxyType = 1;
			remoteGlobalIDString = 71C418492CC68448009F3D40;
			remoteInfo = EggTimer;
		};
/* End PBXContainerItemProxy section */

/* Begin PBXFileReference section */
		71C4184A2CC68448009F3D40 /* EggTimer.app */ = {isa = PBXFileReference; explicitFileType = wrapper.application; includeInIndex = 0; path = EggTimer.app; sourceTree = BUILT_PRODUCTS_DIR; };
		71C4184D2CC68448009F3D40 /* AppDelegate.swift */ = {isa = PBXFileReference; lastKnownFileType = sourcecode.swift; path = AppDelegate.swift; sourceTree = "<group>"; };
		71C4184F2CC68448009F3D40 /* SceneDelegate.swift */ = {isa = PBXFileReference; lastKnownFileType = sourcecode.swift; path = SceneDelegate.swift; sourceTree = "<group>"; };
		71C418512CC68448009F3D40 /* ViewController.swift */ = {isa = PBXFileReference; lastKnownFileType = sourcecode.swift; path = ViewController.swift; sourceTree = "<group>"; };
		71C418542CC68448009F3D40 /* Base */ = {isa = PBXFileReference; lastKnownFileType = file.storyboard; name = Base; path = Base.lproj/Main.storyboard; sourceTree = "<group>"; };
		71C418572CC68448009F3D40 /* EggTimer.xcdatamodel */ = {isa = PBXFileReference; lastKnownFileType = wrapper.xcdatamodel; path = EggTimer.xcdatamodel; sourceTree = "<group>"; };
		71C418592CC68449009F3D40 /* Assets.xcassets */ = {isa = PBXFileReference; lastKnownFileType = folder.assetcatalog; path = Assets.xcassets; sourceTree = "<group>"; };
		71C4185C2CC68449009F3D40 /* Base */ = {isa = PBXFileReference; lastKnownFileType = file.storyboard; name = Base; path = Base.lproj/LaunchScreen.storyboard; sourceTree = "<group>"; };
		71C4185E2CC68449009F3D40 /* Info.plist */ = {isa = PBXFileReference; lastKnownFileType = text.plist.xml; path = Info.plist; sourceTree = "<group>"; };
		71C418632CC68449009F3D40 /* EggTimerTests.xctest */ = {isa = PBXFileReference; explicitFileType = wrapper.cfbundle; includeInIndex = 0; path = EggTimerTests.xctest; sourceTree = BUILT_PRODUCTS_DIR; };
		71C418672CC68449009F3D40 /* EggTimerTests.swift */ = {isa = PBXFileReference; lastKnownFileType = sourcecode.swift; path = EggTimerTests.swift; sourceTree = "<group>"; };
		71C4186D2CC68449009F3D40 /* EggTimerUITests.xctest */ = {isa = PBXFileReference; explicitFileType = wrapper.cfbundle; includeInIndex = 0; path = EggTimerUITests.xctest; sourceTree = BUILT_PRODUCTS_DIR; };
		71C418712CC68449009F3D40 /* EggTimerUITests.swift */ = {isa = PBXFileReference; lastKnownFileType = sourcecode.swift; path = EggTimerUITests.swift; sourceTree = "<group>"; };
		71C418732CC68449009F3D40 /* EggTimerUITestsLaunchTests.swift */ = {isa = PBXFileReference; lastKnownFileType = sourcecode.swift; path = EggTimerUITestsLaunchTests.swift; sourceTree = "<group>"; };
		71C418802CC69CC1009F3D40 /* alarm_sound.mp3 */ = {isa = PBXFileReference; lastKnownFileType = audio.mp3; name = alarm_sound.mp3; path = ../../../Downloads/alarm_sound.mp3; sourceTree = "<group>"; };
/* End PBXFileReference section */

/* Begin PBXFrameworksBuildPhase section */
		71C418472CC68448009F3D40 /* Frameworks */ = {
			isa = PBXFrameworksBuildPhase;
			buildActionMask = 2147483647;
			files = (
			);
			runOnlyForDeploymentPostprocessing = 0;
		};
		71C418602CC68449009F3D40 /* Frameworks */ = {
			isa = PBXFrameworksBuildPhase;
			buildActionMask = 2147483647;
			files = (
			);
			runOnlyForDeploymentPostprocessing = 0;
		};
		71C4186A2CC68449009F3D40 /* Frameworks */ = {
			isa = PBXFrameworksBuildPhase;
			buildActionMask = 2147483647;
			files = (
			);
			runOnlyForDeploymentPostprocessing = 0;
		};
/* End PBXFrameworksBuildPhase section */

/* Begin PBXGroup section */
		71C418412CC68448009F3D40 = {
			isa = PBXGroup;
			children = (
				71C418802CC69CC1009F3D40 /* alarm_sound.mp3 */,
				71C4184C2CC68448009F3D40 /* EggTimer */,
				71C418662CC68449009F3D40 /* EggTimerTests */,
				71C418702CC68449009F3D40 /* EggTimerUITests */,
				71C4184B2CC68448009F3D40 /* Products */,
			);
			sourceTree = "<group>";
		};
		71C4184B2CC68448009F3D40 /* Products */ = {
			isa = PBXGroup;
			children = (
				71C4184A2CC68448009F3D40 /* EggTimer.app */,
				71C418632CC68449009F3D40 /* EggTimerTests.xctest */,
				71C4186D2CC68449009F3D40 /* EggTimerUITests.xctest */,
			);
			name = Products;
			sourceTree = "<group>";
		};
		71C4184C2CC68448009F3D40 /* EggTimer */ = {
			isa = PBXGroup;
			children = (
				71C4184D2CC68448009F3D40 /* AppDelegate.swift */,
				71C4184F2CC68448009F3D40 /* SceneDelegate.swift */,
				71C418512CC68448009F3D40 /* ViewController.swift */,
				71C418532CC68448009F3D40 /* Main.storyboard */,
				71C418592CC68449009F3D40 /* Assets.xcassets */,
				71C4185B2CC68449009F3D40 /* LaunchScreen.storyboard */,
				71C4185E2CC68449009F3D40 /* Info.plist */,
				71C418562CC68448009F3D40 /* EggTimer.xcdatamodeld */,
			);
			path = EggTimer;
			sourceTree = "<group>";
		};
		71C418662CC68449009F3D40 /* EggTimerTests */ = {
			isa = PBXGroup;
			children = (
				71C418672CC68449009F3D40 /* EggTimerTests.swift */,
			);
			path = EggTimerTests;
			sourceTree = "<group>";
		};
		71C418702CC68449009F3D40 /* EggTimerUITests */ = {
			isa = PBXGroup;
			children = (
				71C418712CC68449009F3D40 /* EggTimerUITests.swift */,
				71C418732CC68449009F3D40 /* EggTimerUITestsLaunchTests.swift */,
			);
			path = EggTimerUITests;
			sourceTree = "<group>";
		};
/* End PBXGroup section */

/* Begin PBXNativeTarget section */
		71C418492CC68448009F3D40 /* EggTimer */ = {
			isa = PBXNativeTarget;
			buildConfigurationList = 71C418772CC68449009F3D40 /* Build configuration list for PBXNativeTarget "EggTimer" */;
			buildPhases = (
				71C418462CC68448009F3D40 /* Sources */,
				71C418472CC68448009F3D40 /* Frameworks */,
				71C418482CC68448009F3D40 /* Resources */,
			);
			buildRules = (
			);
			dependencies = (
			);
			name = EggTimer;
			productName = EggTimer;
			productReference = 71C4184A2CC68448009F3D40 /* EggTimer.app */;
			productType = "com.apple.product-type.application";
		};
		71C418622CC68449009F3D40 /* EggTimerTests */ = {
			isa = PBXNativeTarget;
			buildConfigurationList = 71C4187A2CC68449009F3D40 /* Build configuration list for PBXNativeTarget "EggTimerTests" */;
			buildPhases = (
				71C4185F2CC68449009F3D40 /* Sources */,
				71C418602CC68449009F3D40 /* Frameworks */,
				71C418612CC68449009F3D40 /* Resources */,
			);
			buildRules = (
			);
			dependencies = (
				71C418652CC68449009F3D40 /* PBXTargetDependency */,
			);
			name = EggTimerTests;
			productName = EggTimerTests;
			productReference = 71C418632CC68449009F3D40 /* EggTimerTests.xctest */;
			productType = "com.apple.product-type.bundle.unit-test";
		};
		71C4186C2CC68449009F3D40 /* EggTimerUITests */ = {
			isa = PBXNativeTarget;
			buildConfigurationList = 71C4187D2CC68449009F3D40 /* Build configuration list for PBXNativeTarget "EggTimerUITests" */;
			buildPhases = (
				71C418692CC68449009F3D40 /* Sources */,
				71C4186A2CC68449009F3D40 /* Frameworks */,
				71C4186B2CC68449009F3D40 /* Resources */,
			);
			buildRules = (
			);
			dependencies = (
				71C4186F2CC68449009F3D40 /* PBXTargetDependency */,
			);
			name = EggTimerUITests;
			productName = EggTimerUITests;
			productReference = 71C4186D2CC68449009F3D40 /* EggTimerUITests.xctest */;
			productType = "com.apple.product-type.bundle.ui-testing";
		};
/* End PBXNativeTarget section */

/* Begin PBXProject section */
		71C418422CC68448009F3D40 /* Project object */ = {
			isa = PBXProject;
			attributes = {
				BuildIndependentTargetsInParallel = 1;
				LastSwiftUpdateCheck = 1540;
				LastUpgradeCheck = 1540;
				TargetAttributes = {
					71C418492CC68448009F3D40 = {
						CreatedOnToolsVersion = 15.4;
					};
					71C418622CC68449009F3D40 = {
						CreatedOnToolsVersion = 15.4;
						TestTargetID = 71C418492CC68448009F3D40;
					};
					71C4186C2CC68449009F3D40 = {
						CreatedOnToolsVersion = 15.4;
						TestTargetID = 71C418492CC68448009F3D40;
					};
				};
			};
			buildConfigurationList = 71C418452CC68448009F3D40 /* Build configuration list for PBXProject "EggTimer" */;
			compatibilityVersion = "Xcode 14.0";
			developmentRegion = en;
			hasScannedForEncodings = 0;
			knownRegions = (
				en,
				Base,
			);
			mainGroup = 71C418412CC68448009F3D40;
			productRefGroup = 71C4184B2CC68448009F3D40 /* Products */;
			projectDirPath = "";
			projectRoot = "";
			targets = (
				71C418492CC68448009F3D40 /* EggTimer */,
				71C418622CC68449009F3D40 /* EggTimerTests */,
				71C4186C2CC68449009F3D40 /* EggTimerUITests */,
			);
		};
/* End PBXProject section */

/* Begin PBXResourcesBuildPhase section */
		71C418482CC68448009F3D40 /* Resources */ = {
			isa = PBXResourcesBuildPhase;
			buildActionMask = 2147483647;
			files = (
				71C4185A2CC68449009F3D40 /* Assets.xcassets in Resources */,
				71C4185D2CC68449009F3D40 /* Base in Resources */,
				71C418812CC69CC2009F3D40 /* alarm_sound.mp3 in Resources */,
				71C418552CC68448009F3D40 /* Base in Resources */,
			);
			runOnlyForDeploymentPostprocessing = 0;
		};
		71C418612CC68449009F3D40 /* Resources */ = {
			isa = PBXResourcesBuildPhase;
			buildActionMask = 2147483647;
			files = (
			);
			runOnlyForDeploymentPostprocessing = 0;
		};
		71C4186B2CC68449009F3D40 /* Resources */ = {
			isa = PBXResourcesBuildPhase;
			buildActionMask = 2147483647;
			files = (
			);
			runOnlyForDeploymentPostprocessing = 0;
		};
/* End PBXResourcesBuildPhase section */

/* Begin PBXSourcesBuildPhase section */
		71C418462CC68448009F3D40 /* Sources */ = {
			isa = PBXSourcesBuildPhase;
			buildActionMask = 2147483647;
			files = (
				71C418522CC68448009F3D40 /* ViewController.swift in Sources */,
				71C418582CC68448009F3D40 /* EggTimer.xcdatamodeld in Sources */,
				71C4184E2CC68448009F3D40 /* AppDelegate.swift in Sources */,
				71C418502CC68448009F3D40 /* SceneDelegate.swift in Sources */,
			);
			runOnlyForDeploymentPostprocessing = 0;
		};
		71C4185F2CC68449009F3D40 /* Sources */ = {
			isa = PBXSourcesBuildPhase;
			buildActionMask = 2147483647;
			files = (
				71C418682CC68449009F3D40 /* EggTimerTests.swift in Sources */,
			);
			runOnlyForDeploymentPostprocessing = 0;
		};
		71C418692CC68449009F3D40 /* Sources */ = {
			isa = PBXSourcesBuildPhase;
			buildActionMask = 2147483647;
			files = (
				71C418742CC68449009F3D40 /* EggTimerUITestsLaunchTests.swift in Sources */,
				71C418722CC68449009F3D40 /* EggTimerUITests.swift in Sources */,
			);
			runOnlyForDeploymentPostprocessing = 0;
		};
/* End PBXSourcesBuildPhase section */

/* Begin PBXTargetDependency section */
		71C418652CC68449009F3D40 /* PBXTargetDependency */ = {
			isa = PBXTargetDependency;
			target = 71C418492CC68448009F3D40 /* EggTimer */;
			targetProxy = 71C418642CC68449009F3D40 /* PBXContainerItemProxy */;
		};
		71C4186F2CC68449009F3D40 /* PBXTargetDependency */ = {
			isa = PBXTargetDependency;
			target = 71C418492CC68448009F3D40 /* EggTimer */;
			targetProxy = 71C4186E2CC68449009F3D40 /* PBXContainerItemProxy */;
		};
/* End PBXTargetDependency section */

/* Begin PBXVariantGroup section */
		71C418532CC68448009F3D40 /* Main.storyboard */ = {
			isa = PBXVariantGroup;
			children = (
				71C418542CC68448009F3D40 /* Base */,
			);
			name = Main.storyboard;
			sourceTree = "<group>";
		};
		71C4185B2CC68449009F3D40 /* LaunchScreen.storyboard */ = {
			isa = PBXVariantGroup;
			children = (
				71C4185C2CC68449009F3D40 /* Base */,
			);
			name = LaunchScreen.storyboard;
			sourceTree = "<group>";
		};
/* End PBXVariantGroup section */

/* Begin XCBuildConfiguration section */
		71C418752CC68449009F3D40 /* Debug */ = {
			isa = XCBuildConfiguration;
			buildSettings = {
				ALWAYS_SEARCH_USER_PATHS = NO;
				ASSETCATALOG_COMPILER_GENERATE_SWIFT_ASSET_SYMBOL_EXTENSIONS = YES;
				CLANG_ANALYZER_NONNULL = YES;
				CLANG_ANALYZER_NUMBER_OBJECT_CONVERSION = YES_AGGRESSIVE;
				CLANG_CXX_LANGUAGE_STANDARD = "gnu++20";
				CLANG_ENABLE_MODULES = YES;
				CLANG_ENABLE_OBJC_ARC = YES;
				CLANG_ENABLE_OBJC_WEAK = YES;
				CLANG_WARN_BLOCK_CAPTURE_AUTORELEASING = YES;
				CLANG_WARN_BOOL_CONVERSION = YES;
				CLANG_WARN_COMMA = YES;
				CLANG_WARN_CONSTANT_CONVERSION = YES;
				CLANG_WARN_DEPRECATED_OBJC_IMPLEMENTATIONS = YES;
				CLANG_WARN_DIRECT_OBJC_ISA_USAGE = YES_ERROR;
				CLANG_WARN_DOCUMENTATION_COMMENTS = YES;
				CLANG_WARN_EMPTY_BODY = YES;
				CLANG_WARN_ENUM_CONVERSION = YES;
				CLANG_WARN_INFINITE_RECURSION = YES;
				CLANG_WARN_INT_CONVERSION = YES;
				CLANG_WARN_NON_LITERAL_NULL_CONVERSION = YES;
				CLANG_WARN_OBJC_IMPLICIT_RETAIN_SELF = YES;
				CLANG_WARN_OBJC_LITERAL_CONVERSION = YES;
				CLANG_WARN_OBJC_ROOT_CLASS = YES_ERROR;
				CLANG_WARN_QUOTED_INCLUDE_IN_FRAMEWORK_HEADER = YES;
				CLANG_WARN_RANGE_LOOP_ANALYSIS = YES;
				CLANG_WARN_STRICT_PROTOTYPES = YES;
				CLANG_WARN_SUSPICIOUS_MOVE = YES;
				CLANG_WARN_UNGUARDED_AVAILABILITY = YES_AGGRESSIVE;
				CLANG_WARN_UNREACHABLE_CODE = YES;
				CLANG_WARN__DUPLICATE_METHOD_MATCH = YES;
				COPY_PHASE_STRIP = NO;
				DEBUG_INFORMATION_FORMAT = dwarf;
				ENABLE_STRICT_OBJC_MSGSEND = YES;
				ENABLE_TESTABILITY = YES;
				ENABLE_USER_SCRIPT_SANDBOXING = YES;
				GCC_C_LANGUAGE_STANDARD = gnu17;
				GCC_DYNAMIC_NO_PIC = NO;
				GCC_NO_COMMON_BLOCKS = YES;
				GCC_OPTIMIZATION_LEVEL = 0;
				GCC_PREPROCESSOR_DEFINITIONS = (
					"DEBUG=1",
					"$(inherited)",
				);
				GCC_WARN_64_TO_32_BIT_CONVERSION = YES;
				GCC_WARN_ABOUT_RETURN_TYPE = YES_ERROR;
				GCC_WARN_UNDECLARED_SELECTOR = YES;
				GCC_WARN_UNINITIALIZED_AUTOS = YES_AGGRESSIVE;
				GCC_WARN_UNUSED_FUNCTION = YES;
				GCC_WARN_UNUSED_VARIABLE = YES;
				IPHONEOS_DEPLOYMENT_TARGET = 17.5;
				LOCALIZATION_PREFERS_STRING_CATALOGS = YES;
				MTL_ENABLE_DEBUG_INFO = INCLUDE_SOURCE;
				MTL_FAST_MATH = YES;
				ONLY_ACTIVE_ARCH = YES;
				SDKROOT = iphoneos;
				SWIFT_ACTIVE_COMPILATION_CONDITIONS = "DEBUG $(inherited)";
				SWIFT_OPTIMIZATION_LEVEL = "-Onone";
			};
			name = Debug;
		};
		71C418762CC68449009F3D40 /* Release */ = {
			isa = XCBuildConfiguration;
			buildSettings = {
				ALWAYS_SEARCH_USER_PATHS = NO;
				ASSETCATALOG_COMPILER_GENERATE_SWIFT_ASSET_SYMBOL_EXTENSIONS = YES;
				CLANG_ANALYZER_NONNULL = YES;
				CLANG_ANALYZER_NUMBER_OBJECT_CONVERSION = YES_AGGRESSIVE;
				CLANG_CXX_LANGUAGE_STANDARD = "gnu++20";
				CLANG_ENABLE_MODULES = YES;
				CLANG_ENABLE_OBJC_ARC = YES;
				CLANG_ENABLE_OBJC_WEAK = YES;
				CLANG_WARN_BLOCK_CAPTURE_AUTORELEASING = YES;
				CLANG_WARN_BOOL_CONVERSION = YES;
				CLANG_WARN_COMMA = YES;
				CLANG_WARN_CONSTANT_CONVERSION = YES;
				CLANG_WARN_DEPRECATED_OBJC_IMPLEMENTATIONS = YES;
				CLANG_WARN_DIRECT_OBJC_ISA_USAGE = YES_ERROR;
				CLANG_WARN_DOCUMENTATION_COMMENTS = YES;
				CLANG_WARN_EMPTY_BODY = YES;
				CLANG_WARN_ENUM_CONVERSION = YES;
				CLANG_WARN_INFINITE_RECURSION = YES;
				CLANG_WARN_INT_CONVERSION = YES;
				CLANG_WARN_NON_LITERAL_NULL_CONVERSION = YES;
				CLANG_WARN_OBJC_IMPLICIT_RETAIN_SELF = YES;
				CLANG_WARN_OBJC_LITERAL_CONVERSION = YES;
				CLANG_WARN_OBJC_ROOT_CLASS = YES_ERROR;
				CLANG_WARN_QUOTED_INCLUDE_IN_FRAMEWORK_HEADER = YES;
				CLANG_WARN_RANGE_LOOP_ANALYSIS = YES;
				CLANG_WARN_STRICT_PROTOTYPES = YES;
				CLANG_WARN_SUSPICIOUS_MOVE = YES;
				CLANG_WARN_UNGUARDED_AVAILABILITY = YES_AGGRESSIVE;
				CLANG_WARN_UNREACHABLE_CODE = YES;
				CLANG_WARN__DUPLICATE_METHOD_MATCH = YES;
				COPY_PHASE_STRIP = NO;
				DEBUG_INFORMATION_FORMAT = "dwarf-with-dsym";
				ENABLE_NS_ASSERTIONS = NO;
				ENABLE_STRICT_OBJC_MSGSEND = YES;
				ENABLE_USER_SCRIPT_SANDBOXING = YES;
				GCC_C_LANGUAGE_STANDARD = gnu17;
				GCC_NO_COMMON_BLOCKS = YES;
				GCC_WARN_64_TO_32_BIT_CONVERSION = YES;
				GCC_WARN_ABOUT_RETURN_TYPE = YES_ERROR;
				GCC_WARN_UNDECLARED_SELECTOR = YES;
				GCC_WARN_UNINITIALIZED_AUTOS = YES_AGGRESSIVE;
				GCC_WARN_UNUSED_FUNCTION = YES;
				GCC_WARN_UNUSED_VARIABLE = YES;
				IPHONEOS_DEPLOYMENT_TARGET = 17.5;
				LOCALIZATION_PREFERS_STRING_CATALOGS = YES;
				MTL_ENABLE_DEBUG_INFO = NO;
				MTL_FAST_MATH = YES;
				SDKROOT = iphoneos;
				SWIFT_COMPILATION_MODE = wholemodule;
				VALIDATE_PRODUCT = YES;
			};
			name = Release;
		};
		71C418782CC68449009F3D40 /* Debug */ = {
			isa = XCBuildConfiguration;
			buildSettings = {
				ASSETCATALOG_COMPILER_APPICON_NAME = AppIcon;
				ASSETCATALOG_COMPILER_GLOBAL_ACCENT_COLOR_NAME = AccentColor;
				CODE_SIGN_STYLE = Automatic;
				CURRENT_PROJECT_VERSION = 1;
				GENERATE_INFOPLIST_FILE = YES;
				INFOPLIST_FILE = EggTimer/Info.plist;
				INFOPLIST_KEY_UIApplicationSupportsIndirectInputEvents = YES;
				INFOPLIST_KEY_UILaunchStoryboardName = LaunchScreen;
				INFOPLIST_KEY_UIMainStoryboardFile = Main;
				INFOPLIST_KEY_UISupportedInterfaceOrientations_iPad = "UIInterfaceOrientationPortrait UIInterfaceOrientationPortraitUpsideDown UIInterfaceOrientationLandscapeLeft UIInterfaceOrientationLandscapeRight";
				INFOPLIST_KEY_UISupportedInterfaceOrientations_iPhone = "UIInterfaceOrientationPortrait UIInterfaceOrientationLandscapeLeft UIInterfaceOrientationLandscapeRight";
				LD_RUNPATH_SEARCH_PATHS = (
					"$(inherited)",
					"@executable_path/Frameworks",
				);
				MARKETING_VERSION = 1.0;
				PRODUCT_BUNDLE_IDENTIFIER = com.bakdaulet.EggTimer;
				PRODUCT_NAME = "$(TARGET_NAME)";
				SWIFT_EMIT_LOC_STRINGS = YES;
				SWIFT_VERSION = 5.0;
				TARGETED_DEVICE_FAMILY = "1,2";
			};
			name = Debug;
		};
		71C418792CC68449009F3D40 /* Release */ = {
			isa = XCBuildConfiguration;
			buildSettings = {
				ASSETCATALOG_COMPILER_APPICON_NAME = AppIcon;
				ASSETCATALOG_COMPILER_GLOBAL_ACCENT_COLOR_NAME = AccentColor;
				CODE_SIGN_STYLE = Automatic;
				CURRENT_PROJECT_VERSION = 1;
				GENERATE_INFOPLIST_FILE = YES;
				INFOPLIST_FILE = EggTimer/Info.plist;
				INFOPLIST_KEY_UIApplicationSupportsIndirectInputEvents = YES;
				INFOPLIST_KEY_UILaunchStoryboardName = LaunchScreen;
				INFOPLIST_KEY_UIMainStoryboardFile = Main;
				INFOPLIST_KEY_UISupportedInterfaceOrientations_iPad = "UIInterfaceOrientationPortrait UIInterfaceOrientationPortraitUpsideDown UIInterfaceOrientationLandscapeLeft UIInterfaceOrientationLandscapeRight";
				INFOPLIST_KEY_UISupportedInterfaceOrientations_iPhone = "UIInterfaceOrientationPortrait UIInterfaceOrientationLandscapeLeft UIInterfaceOrientationLandscapeRight";
				LD_RUNPATH_SEARCH_PATHS = (
					"$(inherited)",
					"@executable_path/Frameworks",
				);
				MARKETING_VERSION = 1.0;
				PRODUCT_BUNDLE_IDENTIFIER = com.bakdaulet.EggTimer;
				PRODUCT_NAME = "$(TARGET_NAME)";
				SWIFT_EMIT_LOC_STRINGS = YES;
				SWIFT_VERSION = 5.0;
				TARGETED_DEVICE_FAMILY = "1,2";
			};
			name = Release;
		};
		71C4187B2CC68449009F3D40 /* Debug */ = {
			isa = XCBuildConfiguration;
			buildSettings = {
				ALWAYS_EMBED_SWIFT_STANDARD_LIBRARIES = YES;
				BUNDLE_LOADER = "$(TEST_HOST)";
				CODE_SIGN_STYLE = Automatic;
				CURRENT_PROJECT_VERSION = 1;
				GENERATE_INFOPLIST_FILE = YES;
				IPHONEOS_DEPLOYMENT_TARGET = 17.5;
				MARKETING_VERSION = 1.0;
				PRODUCT_BUNDLE_IDENTIFIER = com.bakdaulet.EggTimerTests;
				PRODUCT_NAME = "$(TARGET_NAME)";
				SWIFT_EMIT_LOC_STRINGS = NO;
				SWIFT_VERSION = 5.0;
				TARGETED_DEVICE_FAMILY = "1,2";
				TEST_HOST = "$(BUILT_PRODUCTS_DIR)/EggTimer.app/$(BUNDLE_EXECUTABLE_FOLDER_PATH)/EggTimer";
			};
			name = Debug;
		};
		71C4187C2CC68449009F3D40 /* Release */ = {
			isa = XCBuildConfiguration;
			buildSettings = {
				ALWAYS_EMBED_SWIFT_STANDARD_LIBRARIES = YES;
				BUNDLE_LOADER = "$(TEST_HOST)";
				CODE_SIGN_STYLE = Automatic;
				CURRENT_PROJECT_VERSION = 1;
				GENERATE_INFOPLIST_FILE = YES;
				IPHONEOS_DEPLOYMENT_TARGET = 17.5;
				MARKETING_VERSION = 1.0;
				PRODUCT_BUNDLE_IDENTIFIER = com.bakdaulet.EggTimerTests;
				PRODUCT_NAME = "$(TARGET_NAME)";
				SWIFT_EMIT_LOC_STRINGS = NO;
				SWIFT_VERSION = 5.0;
				TARGETED_DEVICE_FAMILY = "1,2";
				TEST_HOST = "$(BUILT_PRODUCTS_DIR)/EggTimer.app/$(BUNDLE_EXECUTABLE_FOLDER_PATH)/EggTimer";
			};
			name = Release;
		};
		71C4187E2CC68449009F3D40 /* Debug */ = {
			isa = XCBuildConfiguration;
			buildSettings = {
				ALWAYS_EMBED_SWIFT_STANDARD_LIBRARIES = YES;
				CODE_SIGN_STYLE = Automatic;
				CURRENT_PROJECT_VERSION = 1;
				GENERATE_INFOPLIST_FILE = YES;
				MARKETING_VERSION = 1.0;
				PRODUCT_BUNDLE_IDENTIFIER = com.bakdaulet.EggTimerUITests;
				PRODUCT_NAME = "$(TARGET_NAME)";
				SWIFT_EMIT_LOC_STRINGS = NO;
				SWIFT_VERSION = 5.0;
				TARGETED_DEVICE_FAMILY = "1,2";
				TEST_TARGET_NAME = EggTimer;
			};
			name = Debug;
		};
		71C4187F2CC68449009F3D40 /* Release */ = {
			isa = XCBuildConfiguration;
			buildSettings = {
				ALWAYS_EMBED_SWIFT_STANDARD_LIBRARIES = YES;
				CODE_SIGN_STYLE = Automatic;
				CURRENT_PROJECT_VERSION = 1;
				GENERATE_INFOPLIST_FILE = YES;
				MARKETING_VERSION = 1.0;
				PRODUCT_BUNDLE_IDENTIFIER = com.bakdaulet.EggTimerUITests;
				PRODUCT_NAME = "$(TARGET_NAME)";
				SWIFT_EMIT_LOC_STRINGS = NO;
				SWIFT_VERSION = 5.0;
				TARGETED_DEVICE_FAMILY = "1,2";
				TEST_TARGET_NAME = EggTimer;
			};
			name = Release;
		};
/* End XCBuildConfiguration section */

/* Begin XCConfigurationList section */
		71C418452CC68448009F3D40 /* Build configuration list for PBXProject "EggTimer" */ = {
			isa = XCConfigurationList;
			buildConfigurations = (
				71C418752CC68449009F3D40 /* Debug */,
				71C418762CC68449009F3D40 /* Release */,
			);
			defaultConfigurationIsVisible = 0;
			defaultConfigurationName = Release;
		};
		71C418772CC68449009F3D40 /* Build configuration list for PBXNativeTarget "EggTimer" */ = {
			isa = XCConfigurationList;
			buildConfigurations = (
				71C418782CC68449009F3D40 /* Debug */,
				71C418792CC68449009F3D40 /* Release */,
			);
			defaultConfigurationIsVisible = 0;
			defaultConfigurationName = Release;
		};
		71C4187A2CC68449009F3D40 /* Build configuration list for PBXNativeTarget "EggTimerTests" */ = {
			isa = XCConfigurationList;
			buildConfigurations = (
				71C4187B2CC68449009F3D40 /* Debug */,
				71C4187C2CC68449009F3D40 /* Release */,
			);
			defaultConfigurationIsVisible = 0;
			defaultConfigurationName = Release;
		};
		71C4187D2CC68449009F3D40 /* Build configuration list for PBXNativeTarget "EggTimerUITests" */ = {
			isa = XCConfigurationList;
			buildConfigurations = (
				71C4187E2CC68449009F3D40 /* Debug */,
				71C4187F2CC68449009F3D40 /* Release */,
			);
			defaultConfigurationIsVisible = 0;
			defaultConfigurationName = Release;
		};
/* End XCConfigurationList section */

/* Begin XCVersionGroup section */
		71C418562CC68448009F3D40 /* EggTimer.xcdatamodeld */ = {
			isa = XCVersionGroup;
			children = (
				71C418572CC68448009F3D40 /* EggTimer.xcdatamodel */,
			);
			currentVersion = 71C418572CC68448009F3D40 /* EggTimer.xcdatamodel */;
			path = EggTimer.xcdatamodeld;
			sourceTree = "<group>";
			versionGroupType = wrapper.xcdatamodel;
		};
/* End XCVersionGroup section */
	};
	rootObject = 71C418422CC68448009F3D40 /* Project object */;
}
